
Microsoft Visual Studio Solution File, Format Version 12.00
# Visual Studio 2017
Project("{FAE04EC0-301F-11D3-BF4B-00C04F79EFBC}") = "Valaskjalf-master.Plugins", "Valaskjalf-master.Plugins.csproj", "{47B72364-D0F0-A93B-60F4-DB2A8ADCBD50}"
EndProject
Project("{FAE04EC0-301F-11D3-BF4B-00C04F79EFBC}") = "Valaskjalf-master", "Valaskjalf-master.csproj", "{711A20BE-BB45-0E13-67AB-4BD38C22F8FE}"
EndProject
Project("{FAE04EC0-301F-11D3-BF4B-00C04F79EFBC}") = "Valaskjalf-master.Editor.Plugins", "Valaskjalf-master.Editor.Plugins.csproj", "{B10902B5-764B-C234-CB34-8EF6921FAA39}"
EndProject
Global
	GlobalSection(SolutionConfigurationPlatforms) = preSolution
		Debug|Any CPU = Debug|Any CPU
		Release|Any CPU = Release|Any CPU
	EndGlobalSection
	GlobalSection(ProjectConfigurationPlatforms) = postSolution
		{47B72364-D0F0-A93B-60F4-DB2A8ADCBD50}.Debug|Any CPU.ActiveCfg = Debug|Any CPU
		{47B72364-D0F0-A93B-60F4-DB2A8ADCBD50}.Debug|Any CPU.Build.0 = Debug|Any CPU
		{47B72364-D0F0-A93B-60F4-DB2A8ADCBD50}.Release|Any CPU.ActiveCfg = Release|Any CPU
		{47B72364-D0F0-A93B-60F4-DB2A8ADCBD50}.Release|Any CPU.Build.0 = Release|Any CPU
		{711A20BE-BB45-0E13-67AB-4BD38C22F8FE}.Debug|Any CPU.ActiveCfg = Debug|Any CPU
		{711A20BE-BB45-0E13-67AB-4BD38C22F8FE}.Debug|Any CPU.Build.0 = Debug|Any CPU
		{711A20BE-BB45-0E13-67AB-4BD38C22F8FE}.Release|Any CPU.ActiveCfg = Release|Any CPU
		{711A20BE-BB45-0E13-67AB-4BD38C22F8FE}.Release|Any CPU.Build.0 = Release|Any CPU
		{B10902B5-764B-C234-CB34-8EF6921FAA39}.Debug|Any CPU.ActiveCfg = Debug|Any CPU
		{B10902B5-764B-C234-CB34-8EF6921FAA39}.Debug|Any CPU.Build.0 = Debug|Any CPU
		{B10902B5-764B-C234-CB34-8EF6921FAA39}.Release|Any CPU.ActiveCfg = Release|Any CPU
		{B10902B5-764B-C234-CB34-8EF6921FAA39}.Release|Any CPU.Build.0 = Release|Any CPU
	EndGlobalSection
	GlobalSection(SolutionProperties) = preSolution
		HideSolutionNode = FALSE
	EndGlobalSection
EndGlobal
